
Microsoft Visual Studio Solution File, Format Version 12.00
# Visual Studio Version 17
VisualStudioVersion = 17.0.32014.148
MinimumVisualStudioVersion = 10.0.40219.1
Project("{9A19103F-16F7-4668-BE54-9A1E7A4F7556}") = "ConsoleAppCalculator", "ConsloleAppToDel\ConsoleAppCalculator.csproj", "{22CFB3E1-F574-4BC2-9144-376686B8AE97}"
EndProject
Project("{FAE04EC0-301F-11D3-BF4B-00C04F79EFBC}") = "NewConsoleApplication2023", "NewConsoleApplication2023\NewConsoleApplication2023.csproj", "{D745D179-F3CA-4683-9B1A-73FDB54BEC96}"
EndProject
Global
	GlobalSection(SolutionConfigurationPlatforms) = preSolution
		Debug|Any CPU = Debug|Any CPU
		Release|Any CPU = Release|Any CPU
	EndGlobalSection
	GlobalSection(ProjectConfigurationPlatforms) = postSolution
		{22CFB3E1-F574-4BC2-9144-376686B8AE97}.Debug|Any CPU.ActiveCfg = Debug|Any CPU
		{22CFB3E1-F574-4BC2-9144-376686B8AE97}.Debug|Any CPU.Build.0 = Debug|Any CPU
		{22CFB3E1-F574-4BC2-9144-376686B8AE97}.Release|Any CPU.ActiveCfg = Release|Any CPU
		{22CFB3E1-F574-4BC2-9144-376686B8AE97}.Release|Any CPU.Build.0 = Release|Any CPU
		{D745D179-F3CA-4683-9B1A-73FDB54BEC96}.Debug|Any CPU.ActiveCfg = Debug|Any CPU
		{D745D179-F3CA-4683-9B1A-73FDB54BEC96}.Debug|Any CPU.Build.0 = Debug|Any CPU
		{D745D179-F3CA-4683-9B1A-73FDB54BEC96}.Release|Any CPU.ActiveCfg = Release|Any CPU
		{D745D179-F3CA-4683-9B1A-73FDB54BEC96}.Release|Any CPU.Build.0 = Release|Any CPU
	EndGlobalSection
	GlobalSection(SolutionProperties) = preSolution
		HideSolutionNode = FALSE
	EndGlobalSection
	GlobalSection(ExtensibilityGlobals) = postSolution
		SolutionGuid = {4DC1D806-828F-4140-815E-D138C50F215F}
	EndGlobalSection
EndGlobal
